
Microsoft Visual Studio Solution File, Format Version 12.00
# Visual Studio Version 17
VisualStudioVersion = 17.0.31903.59
MinimumVisualStudioVersion = 10.0.40219.1
Project("{2150E333-8FDC-42A3-9474-1A3956D46DE8}") = "src", "src", "{D9AB6500-87D9-4A13-A751-27248EBE744C}"
EndProject
Project("{FAE04EC0-301F-11D3-BF4B-00C04F79EFBC}") = "HCI.AIAssistant.API", "src\HCI.AIAssistant.API\HCI.AIAssistant.API.csproj", "{BF7655C2-F1F2-43A7-ABDD-71D2434A3637}"
EndProject
Global
	GlobalSection(SolutionConfigurationPlatforms) = preSolution
		Debug|Any CPU = Debug|Any CPU
		Release|Any CPU = Release|Any CPU
	EndGlobalSection
	GlobalSection(SolutionProperties) = preSolution
		HideSolutionNode = FALSE
	EndGlobalSection
	GlobalSection(ProjectConfigurationPlatforms) = postSolution
		{BF7655C2-F1F2-43A7-ABDD-71D2434A3637}.Debug|Any CPU.ActiveCfg = Debug|Any CPU
		{BF7655C2-F1F2-43A7-ABDD-71D2434A3637}.Debug|Any CPU.Build.0 = Debug|Any CPU
		{BF7655C2-F1F2-43A7-ABDD-71D2434A3637}.Release|Any CPU.ActiveCfg = Release|Any CPU
		{BF7655C2-F1F2-43A7-ABDD-71D2434A3637}.Release|Any CPU.Build.0 = Release|Any CPU
	EndGlobalSection
	GlobalSection(NestedProjects) = preSolution
		{BF7655C2-F1F2-43A7-ABDD-71D2434A3637} = {D9AB6500-87D9-4A13-A751-27248EBE744C}
	EndGlobalSection
EndGlobal
